
Microsoft Visual Studio Solution File, Format Version 10.00
# Visual Studio 2008
Project("{E24C65DC-7377-472B-9ABA-BC803B73C61A}") = "shaadi_bandhan", ".", "{B228E0BF-D180-48C4-A684-E926D06BEB8D}"
	ProjectSection(WebsiteProperties) = preProject
		TargetFramework = "3.5"
		Debug.AspNetCompiler.VirtualPath = "/shaadi_bandhan"
		Debug.AspNetCompiler.PhysicalPath = "D:\e.project(master change)\shaadi_bandhan\"
		Debug.AspNetCompiler.TargetPath = "PrecompiledWeb\shaadi_bandhan\"
		Debug.AspNetCompiler.Updateable = "true"
		Debug.AspNetCompiler.ForceOverwrite = "true"
		Debug.AspNetCompiler.FixedNames = "false"
		Debug.AspNetCompiler.Debug = "True"
		Release.AspNetCompiler.VirtualPath = "/shaadi_bandhan"
		Release.AspNetCompiler.PhysicalPath = "D:\e.project(master change)\shaadi_bandhan\"
		Release.AspNetCompiler.TargetPath = "PrecompiledWeb\shaadi_bandhan\"
		Release.AspNetCompiler.Updateable = "true"
		Release.AspNetCompiler.ForceOverwrite = "true"
		Release.AspNetCompiler.FixedNames = "false"
		Release.AspNetCompiler.Debug = "False"
		VWDPort = "49180"
	EndProjectSection
EndProject
Global
	GlobalSection(SolutionConfigurationPlatforms) = preSolution
		Debug|.NET = Debug|.NET
	EndGlobalSection
	GlobalSection(ProjectConfigurationPlatforms) = postSolution
		{B228E0BF-D180-48C4-A684-E926D06BEB8D}.Debug|.NET.ActiveCfg = Debug|.NET
		{B228E0BF-D180-48C4-A684-E926D06BEB8D}.Debug|.NET.Build.0 = Debug|.NET
	EndGlobalSection
	GlobalSection(SolutionProperties) = preSolution
		HideSolutionNode = FALSE
	EndGlobalSection
EndGlobal
