
Microsoft Visual Studio Solution File, Format Version 11.00
# Visual Studio 2010
Project("{E24C65DC-7377-472B-9ABA-BC803B73C61A}") = "FINAL ONLINE MATRIMONIAL", ".", "{683C2400-C238-4F12-AA27-A0628FAEAF91}"
	ProjectSection(WebsiteProperties) = preProject
		TargetFrameworkMoniker = ".NETFramework,Version%3Dv4.0"
		Debug.AspNetCompiler.VirtualPath = "/Vivaah.com"
		Debug.AspNetCompiler.PhysicalPath = "..\FINAL ONLINE MATRIMONIAL\"
		Debug.AspNetCompiler.TargetPath = "PrecompiledWeb\Vivaah.com\"
		Debug.AspNetCompiler.Updateable = "true"
		Debug.AspNetCompiler.ForceOverwrite = "true"
		Debug.AspNetCompiler.FixedNames = "false"
		Debug.AspNetCompiler.Debug = "True"
		Release.AspNetCompiler.VirtualPath = "/Vivaah.com"
		Release.AspNetCompiler.PhysicalPath = "..\FINAL ONLINE MATRIMONIAL\"
		Release.AspNetCompiler.TargetPath = "PrecompiledWeb\Vivaah.com\"
		Release.AspNetCompiler.Updateable = "true"
		Release.AspNetCompiler.ForceOverwrite = "true"
		Release.AspNetCompiler.FixedNames = "false"
		Release.AspNetCompiler.Debug = "False"
		VWDPort = "28880"
	EndProjectSection
EndProject
Global
	GlobalSection(SolutionConfigurationPlatforms) = preSolution
		Debug|Any CPU = Debug|Any CPU
	EndGlobalSection
	GlobalSection(ProjectConfigurationPlatforms) = postSolution
		{683C2400-C238-4F12-AA27-A0628FAEAF91}.Debug|Any CPU.ActiveCfg = Debug|Any CPU
		{683C2400-C238-4F12-AA27-A0628FAEAF91}.Debug|Any CPU.Build.0 = Debug|Any CPU
	EndGlobalSection
	GlobalSection(SolutionProperties) = preSolution
		HideSolutionNode = FALSE
	EndGlobalSection
EndGlobal
